
Microsoft Visual Studio Solution File, Format Version 12.00
# Visual Studio Version 16
VisualStudioVersion = 16.0.29009.5
MinimumVisualStudioVersion = 10.0.40219.1
Project("{9A19103F-16F7-4668-BE54-9A1E7A4F7556}") = "CSharp", "CSharp\CSharp.csproj", "{64AB200F-3AC4-4ADA-A2C5-BC1A8661462B}"
EndProject
Project("{2150E333-8FDC-42A3-9474-1A3956D46DE8}") = "Types", "Types", "{3DADCA88-B401-4963-86A4-EFF869C7762F}"
EndProject
Project("{2150E333-8FDC-42A3-9474-1A3956D46DE8}") = "Linq", "Linq", "{EB68DB0B-9024-4693-875C-9692470E33B7}"
EndProject
Project("{9A19103F-16F7-4668-BE54-9A1E7A4F7556}") = "ConstructorDestructor", "Panels\ConstructorDestructor\ConstructorDestructor.csproj", "{CEC94158-2BA8-42E3-8C3D-9985A173B24F}"
EndProject
Project("{2150E333-8FDC-42A3-9474-1A3956D46DE8}") = "Construtors", "Construtors", "{A2D297ED-4C01-43E0-9F32-8498F907633C}"
EndProject
Project("{2150E333-8FDC-42A3-9474-1A3956D46DE8}") = "Access Modifiers", "Access Modifiers", "{93F5ACF1-6CC2-48DA-B937-2B7F7072A8F0}"
EndProject
Project("{FAE04EC0-301F-11D3-BF4B-00C04F79EFBC}") = "AccessModifiers", "Panels\AccessModifiers\AccessModifiers.csproj", "{47E2EA7E-4491-4772-ABCA-AA5CFD69F151}"
EndProject
Project("{2150E333-8FDC-42A3-9474-1A3956D46DE8}") = "Database - ORM", "Database - ORM", "{4D4AD51F-48E6-4597-B671-E1379885BCA8}"
EndProject
Project("{FAE04EC0-301F-11D3-BF4B-00C04F79EFBC}") = "ADO", "Panels\Database - ORM\ADO\ADO.csproj", "{FD02F9B5-D2C3-4D50-9922-6BB9E92825FF}"
EndProject
Project("{FAE04EC0-301F-11D3-BF4B-00C04F79EFBC}") = "EntityFramework", "Panels\Database - ORM\EntityFramework\EntityFramework.csproj", "{97F5489D-C52F-4CDA-8E91-0F30CA1FB81B}"
EndProject
Project("{2150E333-8FDC-42A3-9474-1A3956D46DE8}") = "Delegates", "Delegates", "{060097BE-D3E0-44CB-91FA-3D35A5ECA0BE}"
EndProject
Project("{9A19103F-16F7-4668-BE54-9A1E7A4F7556}") = "Delegates", "Panels\Delegates\Delegates.csproj", "{6C9FF52E-E6CA-420C-A102-8C7C5FA8BF34}"
EndProject
Project("{2150E333-8FDC-42A3-9474-1A3956D46DE8}") = "Reflection", "Reflection", "{82CCEED8-5A66-4021-AE6E-549400FE872C}"
	ProjectSection(SolutionItems) = preProject
		Panels\Reflection\Reflection.csproj = Panels\Reflection\Reflection.csproj
	EndProjectSection
EndProject
Project("{2150E333-8FDC-42A3-9474-1A3956D46DE8}") = "Generics", "Generics", "{7BA364F6-7B02-45AD-9405-B9264CC63313}"
EndProject
Project("{9A19103F-16F7-4668-BE54-9A1E7A4F7556}") = "Generics", "Panels\Generics\Generics.csproj", "{7F75BEAF-DCB3-412D-8231-97C2D787AEF1}"
EndProject
Project("{9A19103F-16F7-4668-BE54-9A1E7A4F7556}") = "LinqExamples", "Panels\Linq\LinqExamples.csproj", "{6E38F3C1-9D26-4BAC-A1E3-D92FE5D4E8A5}"
EndProject
Project("{2150E333-8FDC-42A3-9474-1A3956D46DE8}") = "Others", "Others", "{2B7568BF-6D88-425D-B6A9-49658B0D7679}"
EndProject
Project("{9A19103F-16F7-4668-BE54-9A1E7A4F7556}") = "AbstractInterface", "Panels\Others\Abstract vs Interface\AbstractInterface.csproj", "{8071C61F-C477-4DF1-8939-7F572A3D4D70}"
EndProject
Project("{2150E333-8FDC-42A3-9474-1A3956D46DE8}") = "Serializable", "Serializable", "{B7E591E7-2E14-41E8-A3EC-F39382E92EEE}"
EndProject
Project("{9A19103F-16F7-4668-BE54-9A1E7A4F7556}") = "Serialize", "Panels\Serializable\Serialize.csproj", "{802CE264-71EA-429E-91C1-379371EC68D1}"
EndProject
Project("{2150E333-8FDC-42A3-9474-1A3956D46DE8}") = "Try Catch", "Try Catch", "{FF1B04E2-2958-4571-BC2F-66D3C712B1EE}"
EndProject
Project("{9A19103F-16F7-4668-BE54-9A1E7A4F7556}") = "TryCatchFinally", "Panels\Try Catch\TryCatchFinally.csproj", "{274933FC-5EBC-4A2F-814E-79DCC5A05CF7}"
EndProject
Project("{9A19103F-16F7-4668-BE54-9A1E7A4F7556}") = "Readonly vs Const", "Panels\Others\Readonly vs Const\Readonly vs Const.csproj", "{593131D7-637D-44D8-94FA-B266B1FC6A0D}"
EndProject
Project("{9A19103F-16F7-4668-BE54-9A1E7A4F7556}") = "Sealed Class", "Panels\Others\Sealed Class\Sealed Class.csproj", "{4A52DC0F-163F-4316-9084-7C1BC23F5259}"
EndProject
Project("{9A19103F-16F7-4668-BE54-9A1E7A4F7556}") = "Virtual Override", "Panels\Others\Virtual and Override\Virtual Override.csproj", "{9B10D33B-4172-4E83-B727-F392C894EB2C}"
EndProject
Project("{9A19103F-16F7-4668-BE54-9A1E7A4F7556}") = "Ref vs Out", "Panels\Others\Ref vs Out\Ref vs Out.csproj", "{26C08523-1B09-43CD-B7EB-1BFC3A912301}"
EndProject
Project("{9A19103F-16F7-4668-BE54-9A1E7A4F7556}") = "Enums", "Panels\Types\Enums\Enums.csproj", "{32F21C30-1919-456A-B4F7-71365C617E98}"
EndProject
Project("{9A19103F-16F7-4668-BE54-9A1E7A4F7556}") = "Value Types", "Panels\Types\Value\Value Types\Value Types.csproj", "{B0AB1DEB-5EED-4B37-B44D-DF0C562CE1A8}"
EndProject
Project("{2150E333-8FDC-42A3-9474-1A3956D46DE8}") = "Lazy Loading", "Lazy Loading", "{792A3ABF-9032-41DF-B71B-0C0959BEE645}"
EndProject
Project("{FAE04EC0-301F-11D3-BF4B-00C04F79EFBC}") = "Yield_LazyLoading", "Panels\LazyLoading - Yield\Yield_LazyLoading.csproj", "{9540F0B6-038E-45AF-B943-605F2BB219D4}"
EndProject
Project("{2150E333-8FDC-42A3-9474-1A3956D46DE8}") = "Box Unboxing", "Box Unboxing", "{A66A1B18-A85A-4AA1-8699-E690C0E47FCE}"
EndProject
Project("{2150E333-8FDC-42A3-9474-1A3956D46DE8}") = "Unit Testing", "Unit Testing", "{D719941D-5147-48B5-931A-7FAD7A0F8627}"
	ProjectSection(SolutionItems) = preProject
		Panels\Unit Testing\NUnit\MeuTeste.cs = Panels\Unit Testing\NUnit\MeuTeste.cs
	EndProjectSection
EndProject
Project("{2150E333-8FDC-42A3-9474-1A3956D46DE8}") = "Convertions", "Convertions", "{38C03E78-C544-4182-83A1-9D375FCA7706}"
EndProject
Project("{9A19103F-16F7-4668-BE54-9A1E7A4F7556}") = "Converts", "Panels\Convertions\Converts\Converts.csproj", "{ADE8FE9C-DD6A-4278-B303-2DE03CC5880C}"
EndProject
Project("{9A19103F-16F7-4668-BE54-9A1E7A4F7556}") = "Structs", "Panels\Types\Structs\Structs.csproj", "{F26367F8-2365-4CDE-AF08-3BB581C059E3}"
EndProject
Project("{2150E333-8FDC-42A3-9474-1A3956D46DE8}") = "Tasks", "Tasks", "{E0FB58C1-656D-414A-9466-8EEB34D53DC6}"
EndProject
Project("{FAE04EC0-301F-11D3-BF4B-00C04F79EFBC}") = "Tasks_", "Panels\Tasks_\Tasks_.csproj", "{7040F47A-A886-4CED-8378-D821C7D79603}"
EndProject
Global
	GlobalSection(SolutionConfigurationPlatforms) = preSolution
		Debug|Any CPU = Debug|Any CPU
		Release|Any CPU = Release|Any CPU
	EndGlobalSection
	GlobalSection(ProjectConfigurationPlatforms) = postSolution
		{64AB200F-3AC4-4ADA-A2C5-BC1A8661462B}.Debug|Any CPU.ActiveCfg = Debug|Any CPU
		{64AB200F-3AC4-4ADA-A2C5-BC1A8661462B}.Debug|Any CPU.Build.0 = Debug|Any CPU
		{64AB200F-3AC4-4ADA-A2C5-BC1A8661462B}.Release|Any CPU.ActiveCfg = Release|Any CPU
		{64AB200F-3AC4-4ADA-A2C5-BC1A8661462B}.Release|Any CPU.Build.0 = Release|Any CPU
		{CEC94158-2BA8-42E3-8C3D-9985A173B24F}.Debug|Any CPU.ActiveCfg = Debug|Any CPU
		{CEC94158-2BA8-42E3-8C3D-9985A173B24F}.Debug|Any CPU.Build.0 = Debug|Any CPU
		{CEC94158-2BA8-42E3-8C3D-9985A173B24F}.Release|Any CPU.ActiveCfg = Release|Any CPU
		{CEC94158-2BA8-42E3-8C3D-9985A173B24F}.Release|Any CPU.Build.0 = Release|Any CPU
		{47E2EA7E-4491-4772-ABCA-AA5CFD69F151}.Debug|Any CPU.ActiveCfg = Debug|Any CPU
		{47E2EA7E-4491-4772-ABCA-AA5CFD69F151}.Debug|Any CPU.Build.0 = Debug|Any CPU
		{47E2EA7E-4491-4772-ABCA-AA5CFD69F151}.Release|Any CPU.ActiveCfg = Release|Any CPU
		{47E2EA7E-4491-4772-ABCA-AA5CFD69F151}.Release|Any CPU.Build.0 = Release|Any CPU
		{FD02F9B5-D2C3-4D50-9922-6BB9E92825FF}.Debug|Any CPU.ActiveCfg = Debug|Any CPU
		{FD02F9B5-D2C3-4D50-9922-6BB9E92825FF}.Debug|Any CPU.Build.0 = Debug|Any CPU
		{FD02F9B5-D2C3-4D50-9922-6BB9E92825FF}.Release|Any CPU.ActiveCfg = Release|Any CPU
		{FD02F9B5-D2C3-4D50-9922-6BB9E92825FF}.Release|Any CPU.Build.0 = Release|Any CPU
		{97F5489D-C52F-4CDA-8E91-0F30CA1FB81B}.Debug|Any CPU.ActiveCfg = Debug|Any CPU
		{97F5489D-C52F-4CDA-8E91-0F30CA1FB81B}.Debug|Any CPU.Build.0 = Debug|Any CPU
		{97F5489D-C52F-4CDA-8E91-0F30CA1FB81B}.Release|Any CPU.ActiveCfg = Release|Any CPU
		{97F5489D-C52F-4CDA-8E91-0F30CA1FB81B}.Release|Any CPU.Build.0 = Release|Any CPU
		{6C9FF52E-E6CA-420C-A102-8C7C5FA8BF34}.Debug|Any CPU.ActiveCfg = Debug|Any CPU
		{6C9FF52E-E6CA-420C-A102-8C7C5FA8BF34}.Debug|Any CPU.Build.0 = Debug|Any CPU
		{6C9FF52E-E6CA-420C-A102-8C7C5FA8BF34}.Release|Any CPU.ActiveCfg = Release|Any CPU
		{6C9FF52E-E6CA-420C-A102-8C7C5FA8BF34}.Release|Any CPU.Build.0 = Release|Any CPU
		{7F75BEAF-DCB3-412D-8231-97C2D787AEF1}.Debug|Any CPU.ActiveCfg = Debug|Any CPU
		{7F75BEAF-DCB3-412D-8231-97C2D787AEF1}.Debug|Any CPU.Build.0 = Debug|Any CPU
		{7F75BEAF-DCB3-412D-8231-97C2D787AEF1}.Release|Any CPU.ActiveCfg = Release|Any CPU
		{7F75BEAF-DCB3-412D-8231-97C2D787AEF1}.Release|Any CPU.Build.0 = Release|Any CPU
		{6E38F3C1-9D26-4BAC-A1E3-D92FE5D4E8A5}.Debug|Any CPU.ActiveCfg = Debug|Any CPU
		{6E38F3C1-9D26-4BAC-A1E3-D92FE5D4E8A5}.Debug|Any CPU.Build.0 = Debug|Any CPU
		{6E38F3C1-9D26-4BAC-A1E3-D92FE5D4E8A5}.Release|Any CPU.ActiveCfg = Release|Any CPU
		{6E38F3C1-9D26-4BAC-A1E3-D92FE5D4E8A5}.Release|Any CPU.Build.0 = Release|Any CPU
		{8071C61F-C477-4DF1-8939-7F572A3D4D70}.Debug|Any CPU.ActiveCfg = Debug|Any CPU
		{8071C61F-C477-4DF1-8939-7F572A3D4D70}.Debug|Any CPU.Build.0 = Debug|Any CPU
		{8071C61F-C477-4DF1-8939-7F572A3D4D70}.Release|Any CPU.ActiveCfg = Release|Any CPU
		{8071C61F-C477-4DF1-8939-7F572A3D4D70}.Release|Any CPU.Build.0 = Release|Any CPU
		{802CE264-71EA-429E-91C1-379371EC68D1}.Debug|Any CPU.ActiveCfg = Debug|Any CPU
		{802CE264-71EA-429E-91C1-379371EC68D1}.Debug|Any CPU.Build.0 = Debug|Any CPU
		{802CE264-71EA-429E-91C1-379371EC68D1}.Release|Any CPU.ActiveCfg = Release|Any CPU
		{802CE264-71EA-429E-91C1-379371EC68D1}.Release|Any CPU.Build.0 = Release|Any CPU
		{274933FC-5EBC-4A2F-814E-79DCC5A05CF7}.Debug|Any CPU.ActiveCfg = Debug|Any CPU
		{274933FC-5EBC-4A2F-814E-79DCC5A05CF7}.Debug|Any CPU.Build.0 = Debug|Any CPU
		{274933FC-5EBC-4A2F-814E-79DCC5A05CF7}.Release|Any CPU.ActiveCfg = Release|Any CPU
		{274933FC-5EBC-4A2F-814E-79DCC5A05CF7}.Release|Any CPU.Build.0 = Release|Any CPU
		{593131D7-637D-44D8-94FA-B266B1FC6A0D}.Debug|Any CPU.ActiveCfg = Debug|Any CPU
		{593131D7-637D-44D8-94FA-B266B1FC6A0D}.Debug|Any CPU.Build.0 = Debug|Any CPU
		{593131D7-637D-44D8-94FA-B266B1FC6A0D}.Release|Any CPU.ActiveCfg = Release|Any CPU
		{593131D7-637D-44D8-94FA-B266B1FC6A0D}.Release|Any CPU.Build.0 = Release|Any CPU
		{4A52DC0F-163F-4316-9084-7C1BC23F5259}.Debug|Any CPU.ActiveCfg = Debug|Any CPU
		{4A52DC0F-163F-4316-9084-7C1BC23F5259}.Debug|Any CPU.Build.0 = Debug|Any CPU
		{4A52DC0F-163F-4316-9084-7C1BC23F5259}.Release|Any CPU.ActiveCfg = Release|Any CPU
		{4A52DC0F-163F-4316-9084-7C1BC23F5259}.Release|Any CPU.Build.0 = Release|Any CPU
		{9B10D33B-4172-4E83-B727-F392C894EB2C}.Debug|Any CPU.ActiveCfg = Debug|Any CPU
		{9B10D33B-4172-4E83-B727-F392C894EB2C}.Debug|Any CPU.Build.0 = Debug|Any CPU
		{9B10D33B-4172-4E83-B727-F392C894EB2C}.Release|Any CPU.ActiveCfg = Release|Any CPU
		{9B10D33B-4172-4E83-B727-F392C894EB2C}.Release|Any CPU.Build.0 = Release|Any CPU
		{26C08523-1B09-43CD-B7EB-1BFC3A912301}.Debug|Any CPU.ActiveCfg = Debug|Any CPU
		{26C08523-1B09-43CD-B7EB-1BFC3A912301}.Debug|Any CPU.Build.0 = Debug|Any CPU
		{26C08523-1B09-43CD-B7EB-1BFC3A912301}.Release|Any CPU.ActiveCfg = Release|Any CPU
		{26C08523-1B09-43CD-B7EB-1BFC3A912301}.Release|Any CPU.Build.0 = Release|Any CPU
		{32F21C30-1919-456A-B4F7-71365C617E98}.Debug|Any CPU.ActiveCfg = Debug|Any CPU
		{32F21C30-1919-456A-B4F7-71365C617E98}.Debug|Any CPU.Build.0 = Debug|Any CPU
		{32F21C30-1919-456A-B4F7-71365C617E98}.Release|Any CPU.ActiveCfg = Release|Any CPU
		{32F21C30-1919-456A-B4F7-71365C617E98}.Release|Any CPU.Build.0 = Release|Any CPU
		{B0AB1DEB-5EED-4B37-B44D-DF0C562CE1A8}.Debug|Any CPU.ActiveCfg = Debug|Any CPU
		{B0AB1DEB-5EED-4B37-B44D-DF0C562CE1A8}.Debug|Any CPU.Build.0 = Debug|Any CPU
		{B0AB1DEB-5EED-4B37-B44D-DF0C562CE1A8}.Release|Any CPU.ActiveCfg = Release|Any CPU
		{B0AB1DEB-5EED-4B37-B44D-DF0C562CE1A8}.Release|Any CPU.Build.0 = Release|Any CPU
		{9540F0B6-038E-45AF-B943-605F2BB219D4}.Debug|Any CPU.ActiveCfg = Debug|Any CPU
		{9540F0B6-038E-45AF-B943-605F2BB219D4}.Debug|Any CPU.Build.0 = Debug|Any CPU
		{9540F0B6-038E-45AF-B943-605F2BB219D4}.Release|Any CPU.ActiveCfg = Release|Any CPU
		{9540F0B6-038E-45AF-B943-605F2BB219D4}.Release|Any CPU.Build.0 = Release|Any CPU
		{ADE8FE9C-DD6A-4278-B303-2DE03CC5880C}.Debug|Any CPU.ActiveCfg = Debug|Any CPU
		{ADE8FE9C-DD6A-4278-B303-2DE03CC5880C}.Debug|Any CPU.Build.0 = Debug|Any CPU
		{ADE8FE9C-DD6A-4278-B303-2DE03CC5880C}.Release|Any CPU.ActiveCfg = Release|Any CPU
		{ADE8FE9C-DD6A-4278-B303-2DE03CC5880C}.Release|Any CPU.Build.0 = Release|Any CPU
		{F26367F8-2365-4CDE-AF08-3BB581C059E3}.Debug|Any CPU.ActiveCfg = Debug|Any CPU
		{F26367F8-2365-4CDE-AF08-3BB581C059E3}.Debug|Any CPU.Build.0 = Debug|Any CPU
		{F26367F8-2365-4CDE-AF08-3BB581C059E3}.Release|Any CPU.ActiveCfg = Release|Any CPU
		{F26367F8-2365-4CDE-AF08-3BB581C059E3}.Release|Any CPU.Build.0 = Release|Any CPU
		{7040F47A-A886-4CED-8378-D821C7D79603}.Debug|Any CPU.ActiveCfg = Debug|Any CPU
		{7040F47A-A886-4CED-8378-D821C7D79603}.Debug|Any CPU.Build.0 = Debug|Any CPU
		{7040F47A-A886-4CED-8378-D821C7D79603}.Release|Any CPU.ActiveCfg = Release|Any CPU
		{7040F47A-A886-4CED-8378-D821C7D79603}.Release|Any CPU.Build.0 = Release|Any CPU
	EndGlobalSection
	GlobalSection(SolutionProperties) = preSolution
		HideSolutionNode = FALSE
	EndGlobalSection
	GlobalSection(NestedProjects) = preSolution
		{CEC94158-2BA8-42E3-8C3D-9985A173B24F} = {A2D297ED-4C01-43E0-9F32-8498F907633C}
		{47E2EA7E-4491-4772-ABCA-AA5CFD69F151} = {93F5ACF1-6CC2-48DA-B937-2B7F7072A8F0}
		{FD02F9B5-D2C3-4D50-9922-6BB9E92825FF} = {4D4AD51F-48E6-4597-B671-E1379885BCA8}
		{97F5489D-C52F-4CDA-8E91-0F30CA1FB81B} = {4D4AD51F-48E6-4597-B671-E1379885BCA8}
		{6C9FF52E-E6CA-420C-A102-8C7C5FA8BF34} = {060097BE-D3E0-44CB-91FA-3D35A5ECA0BE}
		{7F75BEAF-DCB3-412D-8231-97C2D787AEF1} = {7BA364F6-7B02-45AD-9405-B9264CC63313}
		{6E38F3C1-9D26-4BAC-A1E3-D92FE5D4E8A5} = {EB68DB0B-9024-4693-875C-9692470E33B7}
		{8071C61F-C477-4DF1-8939-7F572A3D4D70} = {2B7568BF-6D88-425D-B6A9-49658B0D7679}
		{802CE264-71EA-429E-91C1-379371EC68D1} = {B7E591E7-2E14-41E8-A3EC-F39382E92EEE}
		{274933FC-5EBC-4A2F-814E-79DCC5A05CF7} = {FF1B04E2-2958-4571-BC2F-66D3C712B1EE}
		{593131D7-637D-44D8-94FA-B266B1FC6A0D} = {2B7568BF-6D88-425D-B6A9-49658B0D7679}
		{4A52DC0F-163F-4316-9084-7C1BC23F5259} = {2B7568BF-6D88-425D-B6A9-49658B0D7679}
		{9B10D33B-4172-4E83-B727-F392C894EB2C} = {2B7568BF-6D88-425D-B6A9-49658B0D7679}
		{26C08523-1B09-43CD-B7EB-1BFC3A912301} = {2B7568BF-6D88-425D-B6A9-49658B0D7679}
		{32F21C30-1919-456A-B4F7-71365C617E98} = {3DADCA88-B401-4963-86A4-EFF869C7762F}
		{B0AB1DEB-5EED-4B37-B44D-DF0C562CE1A8} = {3DADCA88-B401-4963-86A4-EFF869C7762F}
		{9540F0B6-038E-45AF-B943-605F2BB219D4} = {792A3ABF-9032-41DF-B71B-0C0959BEE645}
		{ADE8FE9C-DD6A-4278-B303-2DE03CC5880C} = {38C03E78-C544-4182-83A1-9D375FCA7706}
		{F26367F8-2365-4CDE-AF08-3BB581C059E3} = {3DADCA88-B401-4963-86A4-EFF869C7762F}
		{7040F47A-A886-4CED-8378-D821C7D79603} = {E0FB58C1-656D-414A-9466-8EEB34D53DC6}
	EndGlobalSection
	GlobalSection(ExtensibilityGlobals) = postSolution
		SolutionGuid = {B8BB864D-F5D7-4112-9A3C-2D95D0D5B74B}
	EndGlobalSection
EndGlobal
