
Microsoft Visual Studio Solution File, Format Version 12.00
# Visual Studio Version 16
VisualStudioVersion = 16.0.28917.181
MinimumVisualStudioVersion = 10.0.40219.1
Project("{FAE04EC0-301F-11D3-BF4B-00C04F79EFBC}") = "Enums", "Enums\Enums.csproj", "{ADF51452-494C-4FA8-B42C-2DB6AB8F5434}"
EndProject
Global
	GlobalSection(SolutionConfigurationPlatforms) = preSolution
		Debug|Any CPU = Debug|Any CPU
		Release|Any CPU = Release|Any CPU
	EndGlobalSection
	GlobalSection(ProjectConfigurationPlatforms) = postSolution
		{ADF51452-494C-4FA8-B42C-2DB6AB8F5434}.Debug|Any CPU.ActiveCfg = Debug|Any CPU
		{ADF51452-494C-4FA8-B42C-2DB6AB8F5434}.Debug|Any CPU.Build.0 = Debug|Any CPU
		{ADF51452-494C-4FA8-B42C-2DB6AB8F5434}.Release|Any CPU.ActiveCfg = Release|Any CPU
		{ADF51452-494C-4FA8-B42C-2DB6AB8F5434}.Release|Any CPU.Build.0 = Release|Any CPU
	EndGlobalSection
	GlobalSection(SolutionProperties) = preSolution
		HideSolutionNode = FALSE
	EndGlobalSection
	GlobalSection(ExtensibilityGlobals) = postSolution
		SolutionGuid = {2E120CD8-2AB0-42A8-8199-9BE9CF5B277D}
	EndGlobalSection
EndGlobal
