
Microsoft Visual Studio Solution File, Format Version 12.00
# Visual Studio Version 16
VisualStudioVersion = 16.0.28917.181
MinimumVisualStudioVersion = 10.0.40219.1
Project("{FAE04EC0-301F-11D3-BF4B-00C04F79EFBC}") = "Generics", "Generics\Generics.csproj", "{0C6DB7BE-8E6D-413B-B1D4-A12FD65F44C1}"
EndProject
Global
	GlobalSection(SolutionConfigurationPlatforms) = preSolution
		Debug|Any CPU = Debug|Any CPU
		Release|Any CPU = Release|Any CPU
	EndGlobalSection
	GlobalSection(ProjectConfigurationPlatforms) = postSolution
		{0C6DB7BE-8E6D-413B-B1D4-A12FD65F44C1}.Debug|Any CPU.ActiveCfg = Debug|Any CPU
		{0C6DB7BE-8E6D-413B-B1D4-A12FD65F44C1}.Debug|Any CPU.Build.0 = Debug|Any CPU
		{0C6DB7BE-8E6D-413B-B1D4-A12FD65F44C1}.Release|Any CPU.ActiveCfg = Release|Any CPU
		{0C6DB7BE-8E6D-413B-B1D4-A12FD65F44C1}.Release|Any CPU.Build.0 = Release|Any CPU
	EndGlobalSection
	GlobalSection(SolutionProperties) = preSolution
		HideSolutionNode = FALSE
	EndGlobalSection
	GlobalSection(ExtensibilityGlobals) = postSolution
		SolutionGuid = {12406653-E185-4D07-9E8A-177BCBB23B96}
	EndGlobalSection
EndGlobal
