
Microsoft Visual Studio Solution File, Format Version 12.00
# Visual Studio Version 16
VisualStudioVersion = 16.0.28917.181
MinimumVisualStudioVersion = 10.0.40219.1
Project("{FAE04EC0-301F-11D3-BF4B-00C04F79EFBC}") = "TryCatchFinally", "TryCatchFinally\TryCatchFinally.csproj", "{2662CC3E-C221-4840-8284-44099E2AA80A}"
EndProject
Global
	GlobalSection(SolutionConfigurationPlatforms) = preSolution
		Debug|Any CPU = Debug|Any CPU
		Release|Any CPU = Release|Any CPU
	EndGlobalSection
	GlobalSection(ProjectConfigurationPlatforms) = postSolution
		{2662CC3E-C221-4840-8284-44099E2AA80A}.Debug|Any CPU.ActiveCfg = Debug|Any CPU
		{2662CC3E-C221-4840-8284-44099E2AA80A}.Debug|Any CPU.Build.0 = Debug|Any CPU
		{2662CC3E-C221-4840-8284-44099E2AA80A}.Release|Any CPU.ActiveCfg = Release|Any CPU
		{2662CC3E-C221-4840-8284-44099E2AA80A}.Release|Any CPU.Build.0 = Release|Any CPU
	EndGlobalSection
	GlobalSection(SolutionProperties) = preSolution
		HideSolutionNode = FALSE
	EndGlobalSection
	GlobalSection(ExtensibilityGlobals) = postSolution
		SolutionGuid = {8A3BD32B-2809-409B-8246-5D3128E487CE}
	EndGlobalSection
EndGlobal
