
Microsoft Visual Studio Solution File, Format Version 12.00
# Visual Studio 2012
Project("{FAE04EC0-301F-11D3-BF4B-00C04F79EFBC}") = "Template", "Template\Template.csproj", "{E77D7F73-3054-4C41-B291-1A23083EA5CB}"
EndProject
Global
	GlobalSection(SolutionConfigurationPlatforms) = preSolution
		Debug|Any CPU = Debug|Any CPU
		Release|Any CPU = Release|Any CPU
	EndGlobalSection
	GlobalSection(ProjectConfigurationPlatforms) = postSolution
		{E77D7F73-3054-4C41-B291-1A23083EA5CB}.Debug|Any CPU.ActiveCfg = Debug|Any CPU
		{E77D7F73-3054-4C41-B291-1A23083EA5CB}.Debug|Any CPU.Build.0 = Debug|Any CPU
		{E77D7F73-3054-4C41-B291-1A23083EA5CB}.Release|Any CPU.ActiveCfg = Release|Any CPU
		{E77D7F73-3054-4C41-B291-1A23083EA5CB}.Release|Any CPU.Build.0 = Release|Any CPU
	EndGlobalSection
	GlobalSection(SolutionProperties) = preSolution
		HideSolutionNode = FALSE
	EndGlobalSection
EndGlobal
