
Microsoft Visual Studio Solution File, Format Version 12.00
# Visual Studio 2012
Project("{FAE04EC0-301F-11D3-BF4B-00C04F79EFBC}") = "Observer", "Observer\Observer.csproj", "{FFE6E37E-9E17-4746-A224-C9CBA4721661}"
EndProject
Global
	GlobalSection(SolutionConfigurationPlatforms) = preSolution
		Debug|Any CPU = Debug|Any CPU
		Release|Any CPU = Release|Any CPU
	EndGlobalSection
	GlobalSection(ProjectConfigurationPlatforms) = postSolution
		{FFE6E37E-9E17-4746-A224-C9CBA4721661}.Debug|Any CPU.ActiveCfg = Debug|Any CPU
		{FFE6E37E-9E17-4746-A224-C9CBA4721661}.Debug|Any CPU.Build.0 = Debug|Any CPU
		{FFE6E37E-9E17-4746-A224-C9CBA4721661}.Release|Any CPU.ActiveCfg = Release|Any CPU
		{FFE6E37E-9E17-4746-A224-C9CBA4721661}.Release|Any CPU.Build.0 = Release|Any CPU
	EndGlobalSection
	GlobalSection(SolutionProperties) = preSolution
		HideSolutionNode = FALSE
	EndGlobalSection
EndGlobal
