
Microsoft Visual Studio Solution File, Format Version 12.00
# Visual Studio Version 16
VisualStudioVersion = 16.0.29009.5
MinimumVisualStudioVersion = 10.0.40219.1
Project("{FAE04EC0-301F-11D3-BF4B-00C04F79EFBC}") = "SerializeLearn", "SerializeLearn\SerializeLearn.csproj", "{C0EA1BBA-9031-4CA4-8D9B-B81BCAAD5EA2}"
EndProject
Global
	GlobalSection(SolutionConfigurationPlatforms) = preSolution
		Debug|Any CPU = Debug|Any CPU
		Release|Any CPU = Release|Any CPU
	EndGlobalSection
	GlobalSection(ProjectConfigurationPlatforms) = postSolution
		{C0EA1BBA-9031-4CA4-8D9B-B81BCAAD5EA2}.Debug|Any CPU.ActiveCfg = Debug|Any CPU
		{C0EA1BBA-9031-4CA4-8D9B-B81BCAAD5EA2}.Debug|Any CPU.Build.0 = Debug|Any CPU
		{C0EA1BBA-9031-4CA4-8D9B-B81BCAAD5EA2}.Release|Any CPU.ActiveCfg = Release|Any CPU
		{C0EA1BBA-9031-4CA4-8D9B-B81BCAAD5EA2}.Release|Any CPU.Build.0 = Release|Any CPU
	EndGlobalSection
	GlobalSection(SolutionProperties) = preSolution
		HideSolutionNode = FALSE
	EndGlobalSection
	GlobalSection(ExtensibilityGlobals) = postSolution
		SolutionGuid = {2EA426F0-C8B0-432B-8CF2-2787DEFEEB20}
	EndGlobalSection
EndGlobal
